{
  "name": "vuepress",
  "version": "1.0.0",
  "lockfileVersion": 1,
  "requires": true,
  "dependencies": {
    "klona": {
      "version": "2.0.6",
      "resolved": "https://registry.npmmirror.com/klona/-/klona-2.0.6.tgz",
      "integrity": "sha512-dhG34DXATL5hSxJbIexCft8FChFXtmskoZYnoPWjXQuebWYCNkVeV3KkGegCK9CP1oswI/vQibS2GY7Em/sJJA==",
      "dev": true
    },
    "neo-async": {
      "version": "2.6.2",
      "resolved": "https://registry.npmmirror.com/neo-async/-/neo-async-2.6.2.tgz",
      "integrity": "sha512-Yd3UES5mWCSqR+qNT93S3UoYUkqAZ9lLg8a7g9rimsWmYGK8cVToA4/sF3RrshdyV3sAGMXVUmpMYOw+dLpOuw==",
      "dev": true
    },
    "sass-loader": {
      "version": "13.2.1",
      "resolved": "https://registry.npmmirror.com/sass-loader/-/sass-loader-13.2.1.tgz",
      "integrity": "sha512-VQUrgUa5/waIzMrzyuko3sj5WD9NMsYph91cNICx+OaODbRtLl6To2fswLx8MH2qNxXFqRtpvdPQIa7mE93YOA==",
      "dev": true,
      "requires": {
        "klona": "^2.0.6",
        "neo-async": "^2.6.2"
      }
    }
  }
}
